
Microsoft Visual Studio Solution File, Format Version 12.00
# Visual Studio Version 17
VisualStudioVersion = 17.5.33627.172
MinimumVisualStudioVersion = 10.0.40219.1
Project("{9A19103F-16F7-4668-BE54-9A1E7A4F7556}") = "FileUploadAPI", "FileUploadAPI\FileUploadAPI.csproj", "{4CA5C1EC-764B-4A22-A144-AA9EB5C51133}"
EndProject
Project("{9A19103F-16F7-4668-BE54-9A1E7A4F7556}") = "Domain", "Domain\Domain.csproj", "{A876F139-5756-4888-8DFE-D7B94E8FFD55}"
EndProject
Project("{9A19103F-16F7-4668-BE54-9A1E7A4F7556}") = "Infrastructure", "Infrastructure\Infrastructure.csproj", "{F8A43501-52ED-4A6B-9737-8AC65F3514DC}"
EndProject
Global
	GlobalSection(SolutionConfigurationPlatforms) = preSolution
		Debug|Any CPU = Debug|Any CPU
		Release|Any CPU = Release|Any CPU
	EndGlobalSection
	GlobalSection(ProjectConfigurationPlatforms) = postSolution
		{4CA5C1EC-764B-4A22-A144-AA9EB5C51133}.Debug|Any CPU.ActiveCfg = Debug|Any CPU
		{4CA5C1EC-764B-4A22-A144-AA9EB5C51133}.Debug|Any CPU.Build.0 = Debug|Any CPU
		{4CA5C1EC-764B-4A22-A144-AA9EB5C51133}.Release|Any CPU.ActiveCfg = Release|Any CPU
		{4CA5C1EC-764B-4A22-A144-AA9EB5C51133}.Release|Any CPU.Build.0 = Release|Any CPU
		{A876F139-5756-4888-8DFE-D7B94E8FFD55}.Debug|Any CPU.ActiveCfg = Debug|Any CPU
		{A876F139-5756-4888-8DFE-D7B94E8FFD55}.Debug|Any CPU.Build.0 = Debug|Any CPU
		{A876F139-5756-4888-8DFE-D7B94E8FFD55}.Release|Any CPU.ActiveCfg = Release|Any CPU
		{A876F139-5756-4888-8DFE-D7B94E8FFD55}.Release|Any CPU.Build.0 = Release|Any CPU
		{F8A43501-52ED-4A6B-9737-8AC65F3514DC}.Debug|Any CPU.ActiveCfg = Debug|Any CPU
		{F8A43501-52ED-4A6B-9737-8AC65F3514DC}.Debug|Any CPU.Build.0 = Debug|Any CPU
		{F8A43501-52ED-4A6B-9737-8AC65F3514DC}.Release|Any CPU.ActiveCfg = Release|Any CPU
		{F8A43501-52ED-4A6B-9737-8AC65F3514DC}.Release|Any CPU.Build.0 = Release|Any CPU
	EndGlobalSection
	GlobalSection(SolutionProperties) = preSolution
		HideSolutionNode = FALSE
	EndGlobalSection
	GlobalSection(ExtensibilityGlobals) = postSolution
		SolutionGuid = {68D757E7-D1D1-4C7E-BC35-0B75CD293185}
	EndGlobalSection
EndGlobal
